
Microsoft Visual Studio Solution File, Format Version 12.00
# Visual Studio Version 16
VisualStudioVersion = 16.0.30204.135
MinimumVisualStudioVersion = 10.0.40219.1
Project("{FAE04EC0-301F-11D3-BF4B-00C04F79EFBC}") = "8Mi-MCAriaPlus", "8Mi-MCAriaPlus.csproj", "{56D1A53F-07C7-4A1D-9E0C-005691AD6A9C}"
EndProject
Project("{FAE04EC0-301F-11D3-BF4B-00C04F79EFBC}") = "CArt", "..\CArt\CArt.csproj", "{B89B826D-E239-45AC-A4C0-B8E879B079F4}"
EndProject
Global
	GlobalSection(SolutionConfigurationPlatforms) = preSolution
		Debug|Any CPU = Debug|Any CPU
		Release|Any CPU = Release|Any CPU
	EndGlobalSection
	GlobalSection(ProjectConfigurationPlatforms) = postSolution
		{56D1A53F-07C7-4A1D-9E0C-005691AD6A9C}.Debug|Any CPU.ActiveCfg = Debug|Any CPU
		{56D1A53F-07C7-4A1D-9E0C-005691AD6A9C}.Debug|Any CPU.Build.0 = Debug|Any CPU
		{56D1A53F-07C7-4A1D-9E0C-005691AD6A9C}.Release|Any CPU.ActiveCfg = Release|Any CPU
		{56D1A53F-07C7-4A1D-9E0C-005691AD6A9C}.Release|Any CPU.Build.0 = Release|Any CPU
		{B89B826D-E239-45AC-A4C0-B8E879B079F4}.Debug|Any CPU.ActiveCfg = Debug|Any CPU
		{B89B826D-E239-45AC-A4C0-B8E879B079F4}.Debug|Any CPU.Build.0 = Debug|Any CPU
		{B89B826D-E239-45AC-A4C0-B8E879B079F4}.Release|Any CPU.ActiveCfg = Release|Any CPU
		{B89B826D-E239-45AC-A4C0-B8E879B079F4}.Release|Any CPU.Build.0 = Release|Any CPU
	EndGlobalSection
	GlobalSection(SolutionProperties) = preSolution
		HideSolutionNode = FALSE
	EndGlobalSection
	GlobalSection(ExtensibilityGlobals) = postSolution
		SolutionGuid = {05C4C8D3-C8E8-4350-B06D-491E5CE08357}
	EndGlobalSection
EndGlobal
